
Microsoft Visual Studio Solution File, Format Version 12.00
# Visual Studio Version 16
VisualStudioVersion = 16.0.28803.156
MinimumVisualStudioVersion = 10.0.40219.1
Project("{8BC9CEB8-8B4A-11D0-8D11-00A0C91BC942}") = "SlothEngine", "..\SlothEngine\SlothEngine\SlothEngine.vcxproj", "{54083FB7-1D4D-49F8-B47E-8C9A6D55E5EB}"
EndProject
Project("{8BC9CEB8-8B4A-11D0-8D11-00A0C91BC942}") = "GAP391", "Game\Game.vcxproj", "{501CA943-4301-4A41-B57A-B9BC5F4B9CDD}"
EndProject
Global
	GlobalSection(SolutionConfigurationPlatforms) = preSolution
		Debug|x64 = Debug|x64
		Debug|x86 = Debug|x86
		Development|x64 = Development|x64
		Development|x86 = Development|x86
		Release|x64 = Release|x64
		Release|x86 = Release|x86
	EndGlobalSection
	GlobalSection(ProjectConfigurationPlatforms) = postSolution
		{54083FB7-1D4D-49F8-B47E-8C9A6D55E5EB}.Debug|x64.ActiveCfg = Debug|x64
		{54083FB7-1D4D-49F8-B47E-8C9A6D55E5EB}.Debug|x64.Build.0 = Debug|x64
		{54083FB7-1D4D-49F8-B47E-8C9A6D55E5EB}.Debug|x86.ActiveCfg = Debug|Win32
		{54083FB7-1D4D-49F8-B47E-8C9A6D55E5EB}.Debug|x86.Build.0 = Debug|Win32
		{54083FB7-1D4D-49F8-B47E-8C9A6D55E5EB}.Development|x64.ActiveCfg = Development|x64
		{54083FB7-1D4D-49F8-B47E-8C9A6D55E5EB}.Development|x64.Build.0 = Development|x64
		{54083FB7-1D4D-49F8-B47E-8C9A6D55E5EB}.Development|x86.ActiveCfg = Development|Win32
		{54083FB7-1D4D-49F8-B47E-8C9A6D55E5EB}.Development|x86.Build.0 = Development|Win32
		{54083FB7-1D4D-49F8-B47E-8C9A6D55E5EB}.Release|x64.ActiveCfg = Release|x64
		{54083FB7-1D4D-49F8-B47E-8C9A6D55E5EB}.Release|x64.Build.0 = Release|x64
		{54083FB7-1D4D-49F8-B47E-8C9A6D55E5EB}.Release|x86.ActiveCfg = Release|Win32
		{54083FB7-1D4D-49F8-B47E-8C9A6D55E5EB}.Release|x86.Build.0 = Release|Win32
		{501CA943-4301-4A41-B57A-B9BC5F4B9CDD}.Debug|x64.ActiveCfg = Debug|x64
		{501CA943-4301-4A41-B57A-B9BC5F4B9CDD}.Debug|x64.Build.0 = Debug|x64
		{501CA943-4301-4A41-B57A-B9BC5F4B9CDD}.Debug|x86.ActiveCfg = Debug|Win32
		{501CA943-4301-4A41-B57A-B9BC5F4B9CDD}.Debug|x86.Build.0 = Debug|Win32
		{501CA943-4301-4A41-B57A-B9BC5F4B9CDD}.Development|x64.ActiveCfg = Development|x64
		{501CA943-4301-4A41-B57A-B9BC5F4B9CDD}.Development|x64.Build.0 = Development|x64
		{501CA943-4301-4A41-B57A-B9BC5F4B9CDD}.Development|x86.ActiveCfg = Development|Win32
		{501CA943-4301-4A41-B57A-B9BC5F4B9CDD}.Development|x86.Build.0 = Development|Win32
		{501CA943-4301-4A41-B57A-B9BC5F4B9CDD}.Release|x64.ActiveCfg = Release|x64
		{501CA943-4301-4A41-B57A-B9BC5F4B9CDD}.Release|x64.Build.0 = Release|x64
		{501CA943-4301-4A41-B57A-B9BC5F4B9CDD}.Release|x86.ActiveCfg = Release|Win32
		{501CA943-4301-4A41-B57A-B9BC5F4B9CDD}.Release|x86.Build.0 = Release|Win32
	EndGlobalSection
	GlobalSection(SolutionProperties) = preSolution
		HideSolutionNode = FALSE
	EndGlobalSection
	GlobalSection(ExtensibilityGlobals) = postSolution
		SolutionGuid = {AACF89C3-1131-4B10-8972-F10DBDB3D00F}
	EndGlobalSection
EndGlobal
